
Microsoft Visual Studio Solution File, Format Version 12.00
# Visual Studio Version 17
VisualStudioVersion = 17.0.31903.59
MinimumVisualStudioVersion = 10.0.40219.1
Project("{2150E333-8FDC-42A3-9474-1A3956D46DE8}") = "src", "src", "{31D0CA86-169D-4AEC-8A34-A65D7BA0D222}"
EndProject
Project("{2150E333-8FDC-42A3-9474-1A3956D46DE8}") = "CleanAarchitecture", "CleanAarchitecture", "{D27AA547-BC43-4B3B-ADCF-EB225141367C}"
EndProject
Project("{FAE04EC0-301F-11D3-BF4B-00C04F79EFBC}") = "CleanArchitecture.Domain", "src\CleanAarchitecture\CleanArchitecture.Domain\CleanArchitecture.Domain.csproj", "{05A3EC9A-BEEE-4131-BF94-C366F72A4FC3}"
EndProject
Project("{FAE04EC0-301F-11D3-BF4B-00C04F79EFBC}") = "CleanArchitecture.Application", "src\CleanAarchitecture\CleanArchitecture.Application\CleanArchitecture.Application.csproj", "{1E7B7A5E-2E60-4BA4-8032-C1B648CD1B9C}"
EndProject
Project("{FAE04EC0-301F-11D3-BF4B-00C04F79EFBC}") = "CleanArchitecture.Infrastruture", "src\CleanAarchitecture\CleanArchitecture.Infrastruture\CleanArchitecture.Infrastruture.csproj", "{8EB5DF6F-2EB1-4944-B595-721A593CB84B}"
EndProject
Global
	GlobalSection(SolutionConfigurationPlatforms) = preSolution
		Debug|Any CPU = Debug|Any CPU
		Release|Any CPU = Release|Any CPU
	EndGlobalSection
	GlobalSection(SolutionProperties) = preSolution
		HideSolutionNode = FALSE
	EndGlobalSection
	GlobalSection(ProjectConfigurationPlatforms) = postSolution
		{05A3EC9A-BEEE-4131-BF94-C366F72A4FC3}.Debug|Any CPU.ActiveCfg = Debug|Any CPU
		{05A3EC9A-BEEE-4131-BF94-C366F72A4FC3}.Debug|Any CPU.Build.0 = Debug|Any CPU
		{05A3EC9A-BEEE-4131-BF94-C366F72A4FC3}.Release|Any CPU.ActiveCfg = Release|Any CPU
		{05A3EC9A-BEEE-4131-BF94-C366F72A4FC3}.Release|Any CPU.Build.0 = Release|Any CPU
		{1E7B7A5E-2E60-4BA4-8032-C1B648CD1B9C}.Debug|Any CPU.ActiveCfg = Debug|Any CPU
		{1E7B7A5E-2E60-4BA4-8032-C1B648CD1B9C}.Debug|Any CPU.Build.0 = Debug|Any CPU
		{1E7B7A5E-2E60-4BA4-8032-C1B648CD1B9C}.Release|Any CPU.ActiveCfg = Release|Any CPU
		{1E7B7A5E-2E60-4BA4-8032-C1B648CD1B9C}.Release|Any CPU.Build.0 = Release|Any CPU
		{8EB5DF6F-2EB1-4944-B595-721A593CB84B}.Debug|Any CPU.ActiveCfg = Debug|Any CPU
		{8EB5DF6F-2EB1-4944-B595-721A593CB84B}.Debug|Any CPU.Build.0 = Debug|Any CPU
		{8EB5DF6F-2EB1-4944-B595-721A593CB84B}.Release|Any CPU.ActiveCfg = Release|Any CPU
		{8EB5DF6F-2EB1-4944-B595-721A593CB84B}.Release|Any CPU.Build.0 = Release|Any CPU
	EndGlobalSection
	GlobalSection(NestedProjects) = preSolution
		{D27AA547-BC43-4B3B-ADCF-EB225141367C} = {31D0CA86-169D-4AEC-8A34-A65D7BA0D222}
		{05A3EC9A-BEEE-4131-BF94-C366F72A4FC3} = {D27AA547-BC43-4B3B-ADCF-EB225141367C}
		{1E7B7A5E-2E60-4BA4-8032-C1B648CD1B9C} = {D27AA547-BC43-4B3B-ADCF-EB225141367C}
		{8EB5DF6F-2EB1-4944-B595-721A593CB84B} = {D27AA547-BC43-4B3B-ADCF-EB225141367C}
	EndGlobalSection
EndGlobal
